// !$*UTF8*$!
{
	archiveVersion = 1;
	classes = {
	};
	objectVersion = 48;
	objects = {

/* Begin PBXBuildFile section */
		67025BB41FAB737400E95D55 /* ImageData.swift in Sources */ = {isa = PBXBuildFile; fileRef = 67025BB31FAB737400E95D55 /* ImageData.swift */; };
		67169C911FA7AC59002706FA /* AppDelegate.swift in Sources */ = {isa = PBXBuildFile; fileRef = 67169C901FA7AC59002706FA /* AppDelegate.swift */; };
		67169C931FA7AC59002706FA /* ViewController.swift in Sources */ = {isa = PBXBuildFile; fileRef = 67169C921FA7AC59002706FA /* ViewController.swift */; };
		67169C961FA7AC59002706FA /* Main.storyboard in Resources */ = {isa = PBXBuildFile; fileRef = 67169C941FA7AC59002706FA /* Main.storyboard */; };
		67169C981FA7AC59002706FA /* Assets.xcassets in Resources */ = {isa = PBXBuildFile; fileRef = 67169C971FA7AC59002706FA /* Assets.xcassets */; };
		67169C9B1FA7AC59002706FA /* LaunchScreen.storyboard in Resources */ = {isa = PBXBuildFile; fileRef = 67169C991FA7AC59002706FA /* LaunchScreen.storyboard */; };
		67169CA61FA7AC5A002706FA /* UICollectionViewLoaderTests.swift in Sources */ = {isa = PBXBuildFile; fileRef = 67169CA51FA7AC5A002706FA /* UICollectionViewLoaderTests.swift */; };
		67169CB11FA7AC5A002706FA /* UICollectionViewLoaderUITests.swift in Sources */ = {isa = PBXBuildFile; fileRef = 67169CB01FA7AC5A002706FA /* UICollectionViewLoaderUITests.swift */; };
		6730E71E1FB0DB6600D8B3A7 /* ImageDetailController.swift in Sources */ = {isa = PBXBuildFile; fileRef = 6730E71D1FB0DB6600D8B3A7 /* ImageDetailController.swift */; };
		67AF35341FAC29CD0057086E /* CollectionViewCell.swift in Sources */ = {isa = PBXBuildFile; fileRef = 67AF35331FAC29CD0057086E /* CollectionViewCell.swift */; };
/* End PBXBuildFile section */

/* Begin PBXContainerItemProxy section */
		67169CA21FA7AC5A002706FA /* PBXContainerItemProxy */ = {
			isa = PBXContainerItemProxy;
			containerPortal = 67169C851FA7AC59002706FA /* Project object */;
			proxyType = 1;
			remoteGlobalIDString = 67169C8C1FA7AC59002706FA;
			remoteInfo = UICollectionViewLoader;
		};
		67169CAD1FA7AC5A002706FA /* PBXContainerItemProxy */ = {
			isa = PBXContainerItemProxy;
			containerPortal = 67169C851FA7AC59002706FA /* Project object */;
			proxyType = 1;
			remoteGlobalIDString = 67169C8C1FA7AC59002706FA;
			remoteInfo = UICollectionViewLoader;
		};
/* End PBXContainerItemProxy section */

/* Begin PBXFileReference section */
		67025BB31FAB737400E95D55 /* ImageData.swift */ = {isa = PBXFileReference; lastKnownFileType = sourcecode.swift; path = ImageData.swift; sourceTree = "<group>"; };
		67169C8D1FA7AC59002706FA /* UICollectionViewLoader.app */ = {isa = PBXFileReference; explicitFileType = wrapper.application; includeInIndex = 0; path = UICollectionViewLoader.app; sourceTree = BUILT_PRODUCTS_DIR; };
		67169C901FA7AC59002706FA /* AppDelegate.swift */ = {isa = PBXFileReference; lastKnownFileType = sourcecode.swift; path = AppDelegate.swift; sourceTree = "<group>"; };
		67169C921FA7AC59002706FA /* ViewController.swift */ = {isa = PBXFileReference; lastKnownFileType = sourcecode.swift; path = ViewController.swift; sourceTree = "<group>"; };
		67169C951FA7AC59002706FA /* Base */ = {isa = PBXFileReference; lastKnownFileType = file.storyboard; name = Base; path = Base.lproj/Main.storyboard; sourceTree = "<group>"; };
		67169C971FA7AC59002706FA /* Assets.xcassets */ = {isa = PBXFileReference; lastKnownFileType = folder.assetcatalog; path = Assets.xcassets; sourceTree = "<group>"; };
		67169C9A1FA7AC59002706FA /* Base */ = {isa = PBXFileReference; lastKnownFileType = file.storyboard; name = Base; path = Base.lproj/LaunchScreen.storyboard; sourceTree = "<group>"; };
		67169C9C1FA7AC59002706FA /* Info.plist */ = {isa = PBXFileReference; lastKnownFileType = text.plist.xml; path = Info.plist; sourceTree = "<group>"; };
		67169CA11FA7AC5A002706FA /* UICollectionViewLoaderTests.xctest */ = {isa = PBXFileReference; explicitFileType = wrapper.cfbundle; includeInIndex = 0; path = UICollectionViewLoaderTests.xctest; sourceTree = BUILT_PRODUCTS_DIR; };
		67169CA51FA7AC5A002706FA /* UICollectionViewLoaderTests.swift */ = {isa = PBXFileReference; lastKnownFileType = sourcecode.swift; path = UICollectionViewLoaderTests.swift; sourceTree = "<group>"; };
		67169CA71FA7AC5A002706FA /* Info.plist */ = {isa = PBXFileReference; lastKnownFileType = text.plist.xml; path = Info.plist; sourceTree = "<group>"; };
		67169CAC1FA7AC5A002706FA /* UICollectionViewLoaderUITests.xctest */ = {isa = PBXFileReference; explicitFileType = wrapper.cfbundle; includeInIndex = 0; path = UICollectionViewLoaderUITests.xctest; sourceTree = BUILT_PRODUCTS_DIR; };
		67169CB01FA7AC5A002706FA /* UICollectionViewLoaderUITests.swift */ = {isa = PBXFileReference; lastKnownFileType = sourcecode.swift; path = UICollectionViewLoaderUITests.swift; sourceTree = "<group>"; };
		67169CB21FA7AC5A002706FA /* Info.plist */ = {isa = PBXFileReference; lastKnownFileType = text.plist.xml; path = Info.plist; sourceTree = "<group>"; };
		67169CBE1FA7ACCE002706FA /* Tattoos */ = {isa = PBXFileReference; lastKnownFileType = folder; name = Tattoos; path = ../../../Desktop/Tattoos; sourceTree = "<group>"; };
		6730E71D1FB0DB6600D8B3A7 /* ImageDetailController.swift */ = {isa = PBXFileReference; lastKnownFileType = sourcecode.swift; path = ImageDetailController.swift; sourceTree = "<group>"; };
		67AF35331FAC29CD0057086E /* CollectionViewCell.swift */ = {isa = PBXFileReference; lastKnownFileType = sourcecode.swift; path = CollectionViewCell.swift; sourceTree = "<group>"; };
/* End PBXFileReference section */

/* Begin PBXFrameworksBuildPhase section */
		67169C8A1FA7AC59002706FA /* Frameworks */ = {
			isa = PBXFrameworksBuildPhase;
			buildActionMask = 2147483647;
			files = (
			);
			runOnlyForDeploymentPostprocessing = 0;
		};
		67169C9E1FA7AC5A002706FA /* Frameworks */ = {
			isa = PBXFrameworksBuildPhase;
			buildActionMask = 2147483647;
			files = (
			);
			runOnlyForDeploymentPostprocessing = 0;
		};
		67169CA91FA7AC5A002706FA /* Frameworks */ = {
			isa = PBXFrameworksBuildPhase;
			buildActionMask = 2147483647;
			files = (
			);
			runOnlyForDeploymentPostprocessing = 0;
		};
/* End PBXFrameworksBuildPhase section */

/* Begin PBXGroup section */
		67169C841FA7AC59002706FA = {
			isa = PBXGroup;
			children = (
				67169C8F1FA7AC59002706FA /* UICollectionViewLoader */,
				67169CA41FA7AC5A002706FA /* UICollectionViewLoaderTests */,
				67169CAF1FA7AC5A002706FA /* UICollectionViewLoaderUITests */,
				67169C8E1FA7AC59002706FA /* Products */,
			);
			sourceTree = "<group>";
		};
		67169C8E1FA7AC59002706FA /* Products */ = {
			isa = PBXGroup;
			children = (
				67169C8D1FA7AC59002706FA /* UICollectionViewLoader.app */,
				67169CA11FA7AC5A002706FA /* UICollectionViewLoaderTests.xctest */,
				67169CAC1FA7AC5A002706FA /* UICollectionViewLoaderUITests.xctest */,
			);
			name = Products;
			sourceTree = "<group>";
		};
		67169C8F1FA7AC59002706FA /* UICollectionViewLoader */ = {
			isa = PBXGroup;
			children = (
				67169C941FA7AC59002706FA /* Main.storyboard */,
				6730E71D1FB0DB6600D8B3A7 /* ImageDetailController.swift */,
				67169C901FA7AC59002706FA /* AppDelegate.swift */,
				67AF35331FAC29CD0057086E /* CollectionViewCell.swift */,
				67169C921FA7AC59002706FA /* ViewController.swift */,
				67025BB31FAB737400E95D55 /* ImageData.swift */,
				67169CBE1FA7ACCE002706FA /* Tattoos */,
				67169C971FA7AC59002706FA /* Assets.xcassets */,
				67169C991FA7AC59002706FA /* LaunchScreen.storyboard */,
				67169C9C1FA7AC59002706FA /* Info.plist */,
			);
			path = UICollectionViewLoader;
			sourceTree = "<group>";
		};
		67169CA41FA7AC5A002706FA /* UICollectionViewLoaderTests */ = {
			isa = PBXGroup;
			children = (
				67169CA51FA7AC5A002706FA /* UICollectionViewLoaderTests.swift */,
				67169CA71FA7AC5A002706FA /* Info.plist */,
			);
			path = UICollectionViewLoaderTests;
			sourceTree = "<group>";
		};
		67169CAF1FA7AC5A002706FA /* UICollectionViewLoaderUITests */ = {
			isa = PBXGroup;
			children = (
				67169CB01FA7AC5A002706FA /* UICollectionViewLoaderUITests.swift */,
				67169CB21FA7AC5A002706FA /* Info.plist */,
			);
			path = UICollectionViewLoaderUITests;
			sourceTree = "<group>";
		};
/* End PBXGroup section */

/* Begin PBXNativeTarget section */
		67169C8C1FA7AC59002706FA /* UICollectionViewLoader */ = {
			isa = PBXNativeTarget;
			buildConfigurationList = 67169CB51FA7AC5A002706FA /* Build configuration list for PBXNativeTarget "UICollectionViewLoader" */;
			buildPhases = (
				67169C891FA7AC59002706FA /* Sources */,
				67169C8A1FA7AC59002706FA /* Frameworks */,
				67169C8B1FA7AC59002706FA /* Resources */,
			);
			buildRules = (
			);
			dependencies = (
			);
			name = UICollectionViewLoader;
			productName = UICollectionViewLoader;
			productReference = 67169C8D1FA7AC59002706FA /* UICollectionViewLoader.app */;
			productType = "com.apple.product-type.application";
		};
		67169CA01FA7AC5A002706FA /* UICollectionViewLoaderTests */ = {
			isa = PBXNativeTarget;
			buildConfigurationList = 67169CB81FA7AC5A002706FA /* Build configuration list for PBXNativeTarget "UICollectionViewLoaderTests" */;
			buildPhases = (
				67169C9D1FA7AC5A002706FA /* Sources */,
				67169C9E1FA7AC5A002706FA /* Frameworks */,
				67169C9F1FA7AC5A002706FA /* Resources */,
			);
			buildRules = (
			);
			dependencies = (
				67169CA31FA7AC5A002706FA /* PBXTargetDependency */,
			);
			name = UICollectionViewLoaderTests;
			productName = UICollectionViewLoaderTests;
			productReference = 67169CA11FA7AC5A002706FA /* UICollectionViewLoaderTests.xctest */;
			productType = "com.apple.product-type.bundle.unit-test";
		};
		67169CAB1FA7AC5A002706FA /* UICollectionViewLoaderUITests */ = {
			isa = PBXNativeTarget;
			buildConfigurationList = 67169CBB1FA7AC5A002706FA /* Build configuration list for PBXNativeTarget "UICollectionViewLoaderUITests" */;
			buildPhases = (
				67169CA81FA7AC5A002706FA /* Sources */,
				67169CA91FA7AC5A002706FA /* Frameworks */,
				67169CAA1FA7AC5A002706FA /* Resources */,
			);
			buildRules = (
			);
			dependencies = (
				67169CAE1FA7AC5A002706FA /* PBXTargetDependency */,
			);
			name = UICollectionViewLoaderUITests;
			productName = UICollectionViewLoaderUITests;
			productReference = 67169CAC1FA7AC5A002706FA /* UICollectionViewLoaderUITests.xctest */;
			productType = "com.apple.product-type.bundle.ui-testing";
		};
/* End PBXNativeTarget section */

/* Begin PBXProject section */
		67169C851FA7AC59002706FA /* Project object */ = {
			isa = PBXProject;
			attributes = {
				LastSwiftUpdateCheck = 0900;
				LastUpgradeCheck = 0900;
				ORGANIZATIONNAME = "Nguyen Tam Anh Bui";
				TargetAttributes = {
					67169C8C1FA7AC59002706FA = {
						CreatedOnToolsVersion = 9.0;
						ProvisioningStyle = Automatic;
					};
					67169CA01FA7AC5A002706FA = {
						CreatedOnToolsVersion = 9.0;
						ProvisioningStyle = Automatic;
						TestTargetID = 67169C8C1FA7AC59002706FA;
					};
					67169CAB1FA7AC5A002706FA = {
						CreatedOnToolsVersion = 9.0;
						ProvisioningStyle = Automatic;
						TestTargetID = 67169C8C1FA7AC59002706FA;
					};
				};
			};
			buildConfigurationList = 67169C881FA7AC59002706FA /* Build configuration list for PBXProject "UICollectionViewLoader" */;
			compatibilityVersion = "Xcode 8.0";
			developmentRegion = en;
			hasScannedForEncodings = 0;
			knownRegions = (
				en,
				Base,
			);
			mainGroup = 67169C841FA7AC59002706FA;
			productRefGroup = 67169C8E1FA7AC59002706FA /* Products */;
			projectDirPath = "";
			projectRoot = "";
			targets = (
				67169C8C1FA7AC59002706FA /* UICollectionViewLoader */,
				67169CA01FA7AC5A002706FA /* UICollectionViewLoaderTests */,
				67169CAB1FA7AC5A002706FA /* UICollectionViewLoaderUITests */,
			);
		};
/* End PBXProject section */

/* Begin PBXResourcesBuildPhase section */
		67169C8B1FA7AC59002706FA /* Resources */ = {
			isa = PBXResourcesBuildPhase;
			buildActionMask = 2147483647;
			files = (
				67169C9B1FA7AC59002706FA /* LaunchScreen.storyboard in Resources */,
				67169C981FA7AC59002706FA /* Assets.xcassets in Resources */,
				67169C961FA7AC59002706FA /* Main.storyboard in Resources */,
			);
			runOnlyForDeploymentPostprocessing = 0;
		};
		67169C9F1FA7AC5A002706FA /* Resources */ = {
			isa = PBXResourcesBuildPhase;
			buildActionMask = 2147483647;
			files = (
			);
			runOnlyForDeploymentPostprocessing = 0;
		};
		67169CAA1FA7AC5A002706FA /* Resources */ = {
			isa = PBXResourcesBuildPhase;
			buildActionMask = 2147483647;
			files = (
			);
			runOnlyForDeploymentPostprocessing = 0;
		};
/* End PBXResourcesBuildPhase section */

/* Begin PBXSourcesBuildPhase section */
		67169C891FA7AC59002706FA /* Sources */ = {
			isa = PBXSourcesBuildPhase;
			buildActionMask = 2147483647;
			files = (
				67AF35341FAC29CD0057086E /* CollectionViewCell.swift in Sources */,
				6730E71E1FB0DB6600D8B3A7 /* ImageDetailController.swift in Sources */,
				67169C931FA7AC59002706FA /* ViewController.swift in Sources */,
				67169C911FA7AC59002706FA /* AppDelegate.swift in Sources */,
				67025BB41FAB737400E95D55 /* ImageData.swift in Sources */,
			);
			runOnlyForDeploymentPostprocessing = 0;
		};
		67169C9D1FA7AC5A002706FA /* Sources */ = {
			isa = PBXSourcesBuildPhase;
			buildActionMask = 2147483647;
			files = (
				67169CA61FA7AC5A002706FA /* UICollectionViewLoaderTests.swift in Sources */,
			);
			runOnlyForDeploymentPostprocessing = 0;
		};
		67169CA81FA7AC5A002706FA /* Sources */ = {
			isa = PBXSourcesBuildPhase;
			buildActionMask = 2147483647;
			files = (
				67169CB11FA7AC5A002706FA /* UICollectionViewLoaderUITests.swift in Sources */,
			);
			runOnlyForDeploymentPostprocessing = 0;
		};
/* End PBXSourcesBuildPhase section */

/* Begin PBXTargetDependency section */
		67169CA31FA7AC5A002706FA /* PBXTargetDependency */ = {
			isa = PBXTargetDependency;
			target = 67169C8C1FA7AC59002706FA /* UICollectionViewLoader */;
			targetProxy = 67169CA21FA7AC5A002706FA /* PBXContainerItemProxy */;
		};
		67169CAE1FA7AC5A002706FA /* PBXTargetDependency */ = {
			isa = PBXTargetDependency;
			target = 67169C8C1FA7AC59002706FA /* UICollectionViewLoader */;
			targetProxy = 67169CAD1FA7AC5A002706FA /* PBXContainerItemProxy */;
		};
/* End PBXTargetDependency section */

/* Begin PBXVariantGroup section */
		67169C941FA7AC59002706FA /* Main.storyboard */ = {
			isa = PBXVariantGroup;
			children = (
				67169C951FA7AC59002706FA /* Base */,
			);
			name = Main.storyboard;
			sourceTree = "<group>";
		};
		67169C991FA7AC59002706FA /* LaunchScreen.storyboard */ = {
			isa = PBXVariantGroup;
			children = (
				67169C9A1FA7AC59002706FA /* Base */,
			);
			name = LaunchScreen.storyboard;
			sourceTree = "<group>";
		};
/* End PBXVariantGroup section */

/* Begin XCBuildConfiguration section */
		67169CB31FA7AC5A002706FA /* Debug */ = {
			isa = XCBuildConfiguration;
			buildSettings = {
				ALWAYS_SEARCH_USER_PATHS = NO;
				CLANG_ANALYZER_NONNULL = YES;
				CLANG_ANALYZER_NUMBER_OBJECT_CONVERSION = YES_AGGRESSIVE;
				CLANG_CXX_LANGUAGE_STANDARD = "gnu++14";
				CLANG_CXX_LIBRARY = "libc++";
				CLANG_ENABLE_MODULES = YES;
				CLANG_ENABLE_OBJC_ARC = YES;
				CLANG_WARN_BLOCK_CAPTURE_AUTORELEASING = YES;
				CLANG_WARN_BOOL_CONVERSION = YES;
				CLANG_WARN_COMMA = YES;
				CLANG_WARN_CONSTANT_CONVERSION = YES;
				CLANG_WARN_DIRECT_OBJC_ISA_USAGE = YES_ERROR;
				CLANG_WARN_DOCUMENTATION_COMMENTS = YES;
				CLANG_WARN_EMPTY_BODY = YES;
				CLANG_WARN_ENUM_CONVERSION = YES;
				CLANG_WARN_INFINITE_RECURSION = YES;
				CLANG_WARN_INT_CONVERSION = YES;
				CLANG_WARN_NON_LITERAL_NULL_CONVERSION = YES;
				CLANG_WARN_OBJC_LITERAL_CONVERSION = YES;
				CLANG_WARN_OBJC_ROOT_CLASS = YES_ERROR;
				CLANG_WARN_RANGE_LOOP_ANALYSIS = YES;
				CLANG_WARN_STRICT_PROTOTYPES = YES;
				CLANG_WARN_SUSPICIOUS_MOVE = YES;
				CLANG_WARN_UNGUARDED_AVAILABILITY = YES_AGGRESSIVE;
				CLANG_WARN_UNREACHABLE_CODE = YES;
				CLANG_WARN__DUPLICATE_METHOD_MATCH = YES;
				CODE_SIGN_IDENTITY = "iPhone Developer";
				COPY_PHASE_STRIP = NO;
				DEBUG_INFORMATION_FORMAT = dwarf;
				ENABLE_STRICT_OBJC_MSGSEND = YES;
				ENABLE_TESTABILITY = YES;
				GCC_C_LANGUAGE_STANDARD = gnu11;
				GCC_DYNAMIC_NO_PIC = NO;
				GCC_NO_COMMON_BLOCKS = YES;
				GCC_OPTIMIZATION_LEVEL = 0;
				GCC_PREPROCESSOR_DEFINITIONS = (
					"DEBUG=1",
					"$(inherited)",
				);
				GCC_WARN_64_TO_32_BIT_CONVERSION = YES;
				GCC_WARN_ABOUT_RETURN_TYPE = YES_ERROR;
				GCC_WARN_UNDECLARED_SELECTOR = YES;
				GCC_WARN_UNINITIALIZED_AUTOS = YES_AGGRESSIVE;
				GCC_WARN_UNUSED_FUNCTION = YES;
				GCC_WARN_UNUSED_VARIABLE = YES;
				IPHONEOS_DEPLOYMENT_TARGET = 11.0;
				MTL_ENABLE_DEBUG_INFO = YES;
				ONLY_ACTIVE_ARCH = YES;
				SDKROOT = iphoneos;
				SWIFT_ACTIVE_COMPILATION_CONDITIONS = DEBUG;
				SWIFT_OPTIMIZATION_LEVEL = "-Onone";
			};
			name = Debug;
		};
		67169CB41FA7AC5A002706FA /* Release */ = {
			isa = XCBuildConfiguration;
			buildSettings = {
				ALWAYS_SEARCH_USER_PATHS = NO;
				CLANG_ANALYZER_NONNULL = YES;
				CLANG_ANALYZER_NUMBER_OBJECT_CONVERSION = YES_AGGRESSIVE;
				CLANG_CXX_LANGUAGE_STANDARD = "gnu++14";
				CLANG_CXX_LIBRARY = "libc++";
				CLANG_ENABLE_MODULES = YES;
				CLANG_ENABLE_OBJC_ARC = YES;
				CLANG_WARN_BLOCK_CAPTURE_AUTORELEASING = YES;
				CLANG_WARN_BOOL_CONVERSION = YES;
				CLANG_WARN_COMMA = YES;
				CLANG_WARN_CONSTANT_CONVERSION = YES;
				CLANG_WARN_DIRECT_OBJC_ISA_USAGE = YES_ERROR;
				CLANG_WARN_DOCUMENTATION_COMMENTS = YES;
				CLANG_WARN_EMPTY_BODY = YES;
				CLANG_WARN_ENUM_CONVERSION = YES;
				CLANG_WARN_INFINITE_RECURSION = YES;
				CLANG_WARN_INT_CONVERSION = YES;
				CLANG_WARN_NON_LITERAL_NULL_CONVERSION = YES;
				CLANG_WARN_OBJC_LITERAL_CONVERSION = YES;
				CLANG_WARN_OBJC_ROOT_CLASS = YES_ERROR;
				CLANG_WARN_RANGE_LOOP_ANALYSIS = YES;
				CLANG_WARN_STRICT_PROTOTYPES = YES;
				CLANG_WARN_SUSPICIOUS_MOVE = YES;
				CLANG_WARN_UNGUARDED_AVAILABILITY = YES_AGGRESSIVE;
				CLANG_WARN_UNREACHABLE_CODE = YES;
				CLANG_WARN__DUPLICATE_METHOD_MATCH = YES;
				CODE_SIGN_IDENTITY = "iPhone Developer";
				COPY_PHASE_STRIP = NO;
				DEBUG_INFORMATION_FORMAT = "dwarf-with-dsym";
				ENABLE_NS_ASSERTIONS = NO;
				ENABLE_STRICT_OBJC_MSGSEND = YES;
				GCC_C_LANGUAGE_STANDARD = gnu11;
				GCC_NO_COMMON_BLOCKS = YES;
				GCC_WARN_64_TO_32_BIT_CONVERSION = YES;
				GCC_WARN_ABOUT_RETURN_TYPE = YES_ERROR;
				GCC_WARN_UNDECLARED_SELECTOR = YES;
				GCC_WARN_UNINITIALIZED_AUTOS = YES_AGGRESSIVE;
				GCC_WARN_UNUSED_FUNCTION = YES;
				GCC_WARN_UNUSED_VARIABLE = YES;
				IPHONEOS_DEPLOYMENT_TARGET = 11.0;
				MTL_ENABLE_DEBUG_INFO = NO;
				SDKROOT = iphoneos;
				SWIFT_OPTIMIZATION_LEVEL = "-Owholemodule";
				VALIDATE_PRODUCT = YES;
			};
			name = Release;
		};
		67169CB61FA7AC5A002706FA /* Debug */ = {
			isa = XCBuildConfiguration;
			buildSettings = {
				ASSETCATALOG_COMPILER_APPICON_NAME = AppIcon;
				CODE_SIGN_STYLE = Automatic;
				INFOPLIST_FILE = UICollectionViewLoader/Info.plist;
				LD_RUNPATH_SEARCH_PATHS = "$(inherited) @executable_path/Frameworks";
				PRODUCT_BUNDLE_IDENTIFIER = Me.UICollectionViewLoader;
				PRODUCT_NAME = "$(TARGET_NAME)";
				SWIFT_VERSION = 4.0;
				TARGETED_DEVICE_FAMILY = "1,2";
			};
			name = Debug;
		};
		67169CB71FA7AC5A002706FA /* Release */ = {
			isa = XCBuildConfiguration;
			buildSettings = {
				ASSETCATALOG_COMPILER_APPICON_NAME = AppIcon;
				CODE_SIGN_STYLE = Automatic;
				INFOPLIST_FILE = UICollectionViewLoader/Info.plist;
				LD_RUNPATH_SEARCH_PATHS = "$(inherited) @executable_path/Frameworks";
				PRODUCT_BUNDLE_IDENTIFIER = Me.UICollectionViewLoader;
				PRODUCT_NAME = "$(TARGET_NAME)";
				SWIFT_VERSION = 4.0;
				TARGETED_DEVICE_FAMILY = "1,2";
			};
			name = Release;
		};
		67169CB91FA7AC5A002706FA /* Debug */ = {
			isa = XCBuildConfiguration;
			buildSettings = {
				ALWAYS_EMBED_SWIFT_STANDARD_LIBRARIES = YES;
				BUNDLE_LOADER = "$(TEST_HOST)";
				CODE_SIGN_STYLE = Automatic;
				INFOPLIST_FILE = UICollectionViewLoaderTests/Info.plist;
				LD_RUNPATH_SEARCH_PATHS = "$(inherited) @executable_path/Frameworks @loader_path/Frameworks";
				PRODUCT_BUNDLE_IDENTIFIER = Me.UICollectionViewLoaderTests;
				PRODUCT_NAME = "$(TARGET_NAME)";
				SWIFT_VERSION = 4.0;
				TARGETED_DEVICE_FAMILY = "1,2";
				TEST_HOST = "$(BUILT_PRODUCTS_DIR)/UICollectionViewLoader.app/UICollectionViewLoader";
			};
			name = Debug;
		};
		67169CBA1FA7AC5A002706FA /* Release */ = {
			isa = XCBuildConfiguration;
			buildSettings = {
				ALWAYS_EMBED_SWIFT_STANDARD_LIBRARIES = YES;
				BUNDLE_LOADER = "$(TEST_HOST)";
				CODE_SIGN_STYLE = Automatic;
				INFOPLIST_FILE = UICollectionViewLoaderTests/Info.plist;
				LD_RUNPATH_SEARCH_PATHS = "$(inherited) @executable_path/Frameworks @loader_path/Frameworks";
				PRODUCT_BUNDLE_IDENTIFIER = Me.UICollectionViewLoaderTests;
				PRODUCT_NAME = "$(TARGET_NAME)";
				SWIFT_VERSION = 4.0;
				TARGETED_DEVICE_FAMILY = "1,2";
				TEST_HOST = "$(BUILT_PRODUCTS_DIR)/UICollectionViewLoader.app/UICollectionViewLoader";
			};
			name = Release;
		};
		67169CBC1FA7AC5A002706FA /* Debug */ = {
			isa = XCBuildConfiguration;
			buildSettings = {
				ALWAYS_EMBED_SWIFT_STANDARD_LIBRARIES = YES;
				CODE_SIGN_STYLE = Automatic;
				INFOPLIST_FILE = UICollectionViewLoaderUITests/Info.plist;
				LD_RUNPATH_SEARCH_PATHS = "$(inherited) @executable_path/Frameworks @loader_path/Frameworks";
				PRODUCT_BUNDLE_IDENTIFIER = Me.UICollectionViewLoaderUITests;
				PRODUCT_NAME = "$(TARGET_NAME)";
				SWIFT_VERSION = 4.0;
				TARGETED_DEVICE_FAMILY = "1,2";
				TEST_TARGET_NAME = UICollectionViewLoader;
			};
			name = Debug;
		};
		67169CBD1FA7AC5A002706FA /* Release */ = {
			isa = XCBuildConfiguration;
			buildSettings = {
				ALWAYS_EMBED_SWIFT_STANDARD_LIBRARIES = YES;
				CODE_SIGN_STYLE = Automatic;
				INFOPLIST_FILE = UICollectionViewLoaderUITests/Info.plist;
				LD_RUNPATH_SEARCH_PATHS = "$(inherited) @executable_path/Frameworks @loader_path/Frameworks";
				PRODUCT_BUNDLE_IDENTIFIER = Me.UICollectionViewLoaderUITests;
				PRODUCT_NAME = "$(TARGET_NAME)";
				SWIFT_VERSION = 4.0;
				TARGETED_DEVICE_FAMILY = "1,2";
				TEST_TARGET_NAME = UICollectionViewLoader;
			};
			name = Release;
		};
/* End XCBuildConfiguration section */

/* Begin XCConfigurationList section */
		67169C881FA7AC59002706FA /* Build configuration list for PBXProject "UICollectionViewLoader" */ = {
			isa = XCConfigurationList;
			buildConfigurations = (
				67169CB31FA7AC5A002706FA /* Debug */,
				67169CB41FA7AC5A002706FA /* Release */,
			);
			defaultConfigurationIsVisible = 0;
			defaultConfigurationName = Release;
		};
		67169CB51FA7AC5A002706FA /* Build configuration list for PBXNativeTarget "UICollectionViewLoader" */ = {
			isa = XCConfigurationList;
			buildConfigurations = (
				67169CB61FA7AC5A002706FA /* Debug */,
				67169CB71FA7AC5A002706FA /* Release */,
			);
			defaultConfigurationIsVisible = 0;
			defaultConfigurationName = Release;
		};
		67169CB81FA7AC5A002706FA /* Build configuration list for PBXNativeTarget "UICollectionViewLoaderTests" */ = {
			isa = XCConfigurationList;
			buildConfigurations = (
				67169CB91FA7AC5A002706FA /* Debug */,
				67169CBA1FA7AC5A002706FA /* Release */,
			);
			defaultConfigurationIsVisible = 0;
			defaultConfigurationName = Release;
		};
		67169CBB1FA7AC5A002706FA /* Build configuration list for PBXNativeTarget "UICollectionViewLoaderUITests" */ = {
			isa = XCConfigurationList;
			buildConfigurations = (
				67169CBC1FA7AC5A002706FA /* Debug */,
				67169CBD1FA7AC5A002706FA /* Release */,
			);
			defaultConfigurationIsVisible = 0;
			defaultConfigurationName = Release;
		};
/* End XCConfigurationList section */
	};
	rootObject = 67169C851FA7AC59002706FA /* Project object */;
}
